<?xml version="1.0" encoding="utf-8"?>
<Project ToolsVersion="4.0" xmlns="http://schemas.microsoft.com/developer/msbuild/2003">
  <ItemGroup>
    <ClCompile Include="mod\config.cpp" />
    <ClCompile Include="mod\logger.cpp" />
    <ClCompile Include="menu\Draw.cpp">
      <Filter>menu</Filter>
    </ClCompile>
    <ClCompile Include="menu\Item.cpp">
      <Filter>menu</Filter>
    </ClCompile>
    <ClCompile Include="menu\Menu.cpp">
      <Filter>menu</Filter>
    </ClCompile>
    <ClCompile Include="windows\WindowLightGroups.cpp">
      <Filter>windows</Filter>
    </ClCompile>
    <ClCompile Include="windows\WindowMain.cpp">
      <Filter>windows</Filter>
    </ClCompile>
    <ClCompile Include="ModConfig.cpp" />
    <ClCompile Include="Input.cpp" />
    <ClCompile Include="LightGroupDatas.cpp" />
    <ClCompile Include="Log.cpp" />
    <ClCompile Include="ModelInfo.cpp" />
    <ClCompile Include="ModelInfos.cpp" />
    <ClCompile Include="Patterns.cpp" />
    <ClCompile Include="Vehicle.cpp" />
    <ClCompile Include="Vehicles.cpp" />
    <ClCompile Include="Mod.cpp" />
    <ClCompile Include="menu\Window.cpp">
      <Filter>menu</Filter>
    </ClCompile>
    <ClCompile Include="windows\WindowSettings.cpp">
      <Filter>windows</Filter>
    </ClCompile>
    <ClCompile Include="windows\WindowEditing.cpp">
      <Filter>windows</Filter>
    </ClCompile>
    <ClCompile Include="iniconfig\INIFile.cpp">
      <Filter>iniconfig</Filter>
    </ClCompile>
    <ClCompile Include="iniconfig\INISection.cpp">
      <Filter>iniconfig</Filter>
    </ClCompile>
    <ClCompile Include="windows\WindowFlare.cpp">
      <Filter>windows</Filter>
    </ClCompile>
    <ClCompile Include="pch.cpp" />
    <ClCompile Include="windows\WindowWhiteCorona.cpp">
      <Filter>windows</Filter>
    </ClCompile>
    <ClCompile Include="windows\WindowShadow.cpp">
      <Filter>windows</Filter>
    </ClCompile>
    <ClCompile Include="windows\WindowPointLight.cpp">
      <Filter>windows</Filter>
    </ClCompile>
    <ClCompile Include="windows\WindowPanel.cpp">
      <Filter>windows</Filter>
    </ClCompile>
    <ClCompile Include="AudioStream.cpp" />
  </ItemGroup>
  <ItemGroup>
    <Filter Include="menu">
      <UniqueIdentifier>{3683e8e4-61c4-4c84-b687-75f01a12ddfc}</UniqueIdentifier>
    </Filter>
    <Filter Include="windows">
      <UniqueIdentifier>{6ff912e9-a4cb-41a4-bbe8-5afcf95a08d1}</UniqueIdentifier>
    </Filter>
    <Filter Include="iniconfig">
      <UniqueIdentifier>{1e9bef80-ee7f-4e8b-9f6e-db46ea2078f0}</UniqueIdentifier>
    </Filter>
    <Filter Include="txt">
      <UniqueIdentifier>{9ecf5440-61e9-47db-b225-975b481eeec7}</UniqueIdentifier>
    </Filter>
  </ItemGroup>
  <ItemGroup>
    <ClInclude Include="menu\Draw.h">
      <Filter>menu</Filter>
    </ClInclude>
    <ClInclude Include="menu\Item.h">
      <Filter>menu</Filter>
    </ClInclude>
    <ClInclude Include="menu\Menu.h">
      <Filter>menu</Filter>
    </ClInclude>
    <ClInclude Include="windows\WindowLightGroups.h">
      <Filter>windows</Filter>
    </ClInclude>
    <ClInclude Include="windows\WindowMain.h">
      <Filter>windows</Filter>
    </ClInclude>
    <ClInclude Include="eLightGroupType.h" />
    <ClInclude Include="ModConfig.h" />
    <ClInclude Include="Input.h" />
    <ClInclude Include="LightGroup.h" />
    <ClInclude Include="LightGroupData.h" />
    <ClInclude Include="LightGroupDatas.h" />
    <ClInclude Include="Log.h" />
    <ClInclude Include="ModelInfo.h" />
    <ClInclude Include="ModelInfos.h" />
    <ClInclude Include="Pattern.h" />
    <ClInclude Include="PatternLoop.h" />
    <ClInclude Include="Patterns.h" />
    <ClInclude Include="Point.h" />
    <ClInclude Include="Vehicle.h" />
    <ClInclude Include="Vehicles.h" />
    <ClInclude Include="pch.h" />
    <ClInclude Include="Mod.h" />
    <ClInclude Include="eDrawInfoType.h" />
    <ClInclude Include="icleo.h" />
    <ClInclude Include="menu\Window.h">
      <Filter>menu</Filter>
    </ClInclude>
    <ClInclude Include="windows\WindowSettings.h">
      <Filter>windows</Filter>
    </ClInclude>
    <ClInclude Include="windows\WindowEditing.h">
      <Filter>windows</Filter>
    </ClInclude>
    <ClInclude Include="iniconfig\INIFile.h">
      <Filter>iniconfig</Filter>
    </ClInclude>
    <ClInclude Include="iniconfig\INISection.h">
      <Filter>iniconfig</Filter>
    </ClInclude>
    <ClInclude Include="windows\WindowFlare.h">
      <Filter>windows</Filter>
    </ClInclude>
    <ClInclude Include="opcodes.h" />
    <ClInclude Include="windows\WindowWhiteCorona.h">
      <Filter>windows</Filter>
    </ClInclude>
    <ClInclude Include="windows\WindowShadow.h">
      <Filter>windows</Filter>
    </ClInclude>
    <ClInclude Include="windows\WindowPointLight.h">
      <Filter>windows</Filter>
    </ClInclude>
    <ClInclude Include="windows\WindowPanel.h">
      <Filter>windows</Filter>
    </ClInclude>
    <ClInclude Include="ibass.h" />
    <ClInclude Include="AudioStream.h" />
  </ItemGroup>
  <ItemGroup>
    <Text Include="..\info.txt">
      <Filter>txt</Filter>
    </Text>
    <Text Include="somecode.txt">
      <Filter>txt</Filter>
    </Text>
  </ItemGroup>
</Project>